
Microsoft Visual Studio Solution File, Format Version 12.00
# Visual Studio 14
VisualStudioVersion = 14.0.23107.0
MinimumVisualStudioVersion = 10.0.40219.1
Project("{FAE04EC0-301F-11D3-BF4B-00C04F79EFBC}") = "Exercise One", "Exercise One\Exercise One.csproj", "{E942C909-BABC-455A-9F56-5B81268AF193}"
EndProject
Project("{FAE04EC0-301F-11D3-BF4B-00C04F79EFBC}") = "Logger", "Logger\Logger.csproj", "{9D4FEF21-0777-493E-A8E3-A474C49FBB07}"
EndProject
Global
	GlobalSection(SolutionConfigurationPlatforms) = preSolution
		Debug|Any CPU = Debug|Any CPU
		Release|Any CPU = Release|Any CPU
	EndGlobalSection
	GlobalSection(ProjectConfigurationPlatforms) = postSolution
		{E942C909-BABC-455A-9F56-5B81268AF193}.Debug|Any CPU.ActiveCfg = Debug|Any CPU
		{E942C909-BABC-455A-9F56-5B81268AF193}.Debug|Any CPU.Build.0 = Debug|Any CPU
		{E942C909-BABC-455A-9F56-5B81268AF193}.Release|Any CPU.ActiveCfg = Release|Any CPU
		{E942C909-BABC-455A-9F56-5B81268AF193}.Release|Any CPU.Build.0 = Release|Any CPU
		{9D4FEF21-0777-493E-A8E3-A474C49FBB07}.Debug|Any CPU.ActiveCfg = Debug|Any CPU
		{9D4FEF21-0777-493E-A8E3-A474C49FBB07}.Debug|Any CPU.Build.0 = Debug|Any CPU
		{9D4FEF21-0777-493E-A8E3-A474C49FBB07}.Release|Any CPU.ActiveCfg = Release|Any CPU
		{9D4FEF21-0777-493E-A8E3-A474C49FBB07}.Release|Any CPU.Build.0 = Release|Any CPU
	EndGlobalSection
	GlobalSection(SolutionProperties) = preSolution
		HideSolutionNode = FALSE
	EndGlobalSection
EndGlobal
